
Microsoft Visual Studio Solution File, Format Version 12.00
# Visual Studio Version 17
VisualStudioVersion = 17.14.36603.0 d17.14
MinimumVisualStudioVersion = 10.0.40219.1
Project("{FAE04EC0-301F-11D3-BF4B-00C04F79EFBC}") = "BookMyShow.API", "BookMyShow.API\BookMyShow.API.csproj", "{8EC6286E-DD6E-4490-B538-72FD171E7556}"
EndProject
Global
	GlobalSection(SolutionConfigurationPlatforms) = preSolution
		Debug|Any CPU = Debug|Any CPU
		Release|Any CPU = Release|Any CPU
	EndGlobalSection
	GlobalSection(ProjectConfigurationPlatforms) = postSolution
		{8EC6286E-DD6E-4490-B538-72FD171E7556}.Debug|Any CPU.ActiveCfg = Debug|Any CPU
		{8EC6286E-DD6E-4490-B538-72FD171E7556}.Debug|Any CPU.Build.0 = Debug|Any CPU
		{8EC6286E-DD6E-4490-B538-72FD171E7556}.Release|Any CPU.ActiveCfg = Release|Any CPU
		{8EC6286E-DD6E-4490-B538-72FD171E7556}.Release|Any CPU.Build.0 = Release|Any CPU
	EndGlobalSection
	GlobalSection(SolutionProperties) = preSolution
		HideSolutionNode = FALSE
	EndGlobalSection
	GlobalSection(ExtensibilityGlobals) = postSolution
		SolutionGuid = {26766B42-02E3-4E69-86C8-0CB6DD243AFF}
	EndGlobalSection
EndGlobal
